// !$*UTF8*$!
{
	archiveVersion = 1;
	classes = {
	};
	objectVersion = 46;
	objects = {

/* Begin PBXBuildFile section */
		9686427A1E00E90400B2ABF2 /* AppDelegate.swift in Sources */ = {isa = PBXBuildFile; fileRef = 968642791E00E90400B2ABF2 /* AppDelegate.swift */; };
		9686427C1E00E90400B2ABF2 /* ViewController.swift in Sources */ = {isa = PBXBuildFile; fileRef = 9686427B1E00E90400B2ABF2 /* ViewController.swift */; };
		9686427F1E00E90400B2ABF2 /* Main.storyboard in Resources */ = {isa = PBXBuildFile; fileRef = 9686427D1E00E90400B2ABF2 /* Main.storyboard */; };
		968642811E00E90400B2ABF2 /* Assets.xcassets in Resources */ = {isa = PBXBuildFile; fileRef = 968642801E00E90400B2ABF2 /* Assets.xcassets */; };
		968642841E00E90400B2ABF2 /* LaunchScreen.storyboard in Resources */ = {isa = PBXBuildFile; fileRef = 968642821E00E90400B2ABF2 /* LaunchScreen.storyboard */; };
/* End PBXBuildFile section */

/* Begin PBXFileReference section */
		968642761E00E90400B2ABF2 /* ImageLabelButton.app */ = {isa = PBXFileReference; explicitFileType = wrapper.application; includeInIndex = 0; path = ImageLabelButton.app; sourceTree = BUILT_PRODUCTS_DIR; };
		968642791E00E90400B2ABF2 /* AppDelegate.swift */ = {isa = PBXFileReference; lastKnownFileType = sourcecode.swift; path = AppDelegate.swift; sourceTree = "<group>"; };
		9686427B1E00E90400B2ABF2 /* ViewController.swift */ = {isa = PBXFileReference; lastKnownFileType = sourcecode.swift; path = ViewController.swift; sourceTree = "<group>"; };
		9686427E1E00E90400B2ABF2 /* Base */ = {isa = PBXFileReference; lastKnownFileType = file.storyboard; name = Base; path = Base.lproj/Main.storyboard; sourceTree = "<group>"; };
		968642801E00E90400B2ABF2 /* Assets.xcassets */ = {isa = PBXFileReference; lastKnownFileType = folder.assetcatalog; path = Assets.xcassets; sourceTree = "<group>"; };
		968642831E00E90400B2ABF2 /* Base */ = {isa = PBXFileReference; lastKnownFileType = file.storyboard; name = Base; path = Base.lproj/LaunchScreen.storyboard; sourceTree = "<group>"; };
		968642851E00E90400B2ABF2 /* Info.plist */ = {isa = PBXFileReference; lastKnownFileType = text.plist.xml; path = Info.plist; sourceTree = "<group>"; };
/* End PBXFileReference section */

/* Begin PBXFrameworksBuildPhase section */
		968642731E00E90400B2ABF2 /* Frameworks */ = {
			isa = PBXFrameworksBuildPhase;
			buildActionMask = 2147483647;
			files = (
			);
			runOnlyForDeploymentPostprocessing = 0;
		};
/* End PBXFrameworksBuildPhase section */

/* Begin PBXGroup section */
		9686426D1E00E90400B2ABF2 = {
			isa = PBXGroup;
			children = (
				968642781E00E90400B2ABF2 /* ImageLabelButton */,
				968642771E00E90400B2ABF2 /* Products */,
			);
			sourceTree = "<group>";
		};
		968642771E00E90400B2ABF2 /* Products */ = {
			isa = PBXGroup;
			children = (
				968642761E00E90400B2ABF2 /* ImageLabelButton.app */,
			);
			name = Products;
			sourceTree = "<group>";
		};
		968642781E00E90400B2ABF2 /* ImageLabelButton */ = {
			isa = PBXGroup;
			children = (
				968642791E00E90400B2ABF2 /* AppDelegate.swift */,
				9686427B1E00E90400B2ABF2 /* ViewController.swift */,
				9686427D1E00E90400B2ABF2 /* Main.storyboard */,
				968642801E00E90400B2ABF2 /* Assets.xcassets */,
				968642821E00E90400B2ABF2 /* LaunchScreen.storyboard */,
				968642851E00E90400B2ABF2 /* Info.plist */,
			);
			path = ImageLabelButton;
			sourceTree = "<group>";
		};
/* End PBXGroup section */

/* Begin PBXNativeTarget section */
		968642751E00E90400B2ABF2 /* ImageLabelButton */ = {
			isa = PBXNativeTarget;
			buildConfigurationList = 968642881E00E90400B2ABF2 /* Build configuration list for PBXNativeTarget "ImageLabelButton" */;
			buildPhases = (
				968642721E00E90400B2ABF2 /* Sources */,
				968642731E00E90400B2ABF2 /* Frameworks */,
				968642741E00E90400B2ABF2 /* Resources */,
			);
			buildRules = (
			);
			dependencies = (
			);
			name = ImageLabelButton;
			productName = ImageLabelButton;
			productReference = 968642761E00E90400B2ABF2 /* ImageLabelButton.app */;
			productType = "com.apple.product-type.application";
		};
/* End PBXNativeTarget section */

/* Begin PBXProject section */
		9686426E1E00E90400B2ABF2 /* Project object */ = {
			isa = PBXProject;
			attributes = {
				LastSwiftUpdateCheck = 0820;
				LastUpgradeCheck = 0820;
				ORGANIZATIONNAME = com.patrickgao;
				TargetAttributes = {
					968642751E00E90400B2ABF2 = {
						CreatedOnToolsVersion = 8.2;
						DevelopmentTeam = 8387LU2S3Z;
						ProvisioningStyle = Automatic;
					};
				};
			};
			buildConfigurationList = 968642711E00E90400B2ABF2 /* Build configuration list for PBXProject "ImageLabelButton" */;
			compatibilityVersion = "Xcode 3.2";
			developmentRegion = English;
			hasScannedForEncodings = 0;
			knownRegions = (
				en,
				Base,
			);
			mainGroup = 9686426D1E00E90400B2ABF2;
			productRefGroup = 968642771E00E90400B2ABF2 /* Products */;
			projectDirPath = "";
			projectRoot = "";
			targets = (
				968642751E00E90400B2ABF2 /* ImageLabelButton */,
			);
		};
/* End PBXProject section */

/* Begin PBXResourcesBuildPhase section */
		968642741E00E90400B2ABF2 /* Resources */ = {
			isa = PBXResourcesBuildPhase;
			buildActionMask = 2147483647;
			files = (
				968642841E00E90400B2ABF2 /* LaunchScreen.storyboard in Resources */,
				968642811E00E90400B2ABF2 /* Assets.xcassets in Resources */,
				9686427F1E00E90400B2ABF2 /* Main.storyboard in Resources */,
			);
			runOnlyForDeploymentPostprocessing = 0;
		};
/* End PBXResourcesBuildPhase section */

/* Begin PBXSourcesBuildPhase section */
		968642721E00E90400B2ABF2 /* Sources */ = {
			isa = PBXSourcesBuildPhase;
			buildActionMask = 2147483647;
			files = (
				9686427C1E00E90400B2ABF2 /* ViewController.swift in Sources */,
				9686427A1E00E90400B2ABF2 /* AppDelegate.swift in Sources */,
			);
			runOnlyForDeploymentPostprocessing = 0;
		};
/* End PBXSourcesBuildPhase section */

/* Begin PBXVariantGroup section */
		9686427D1E00E90400B2ABF2 /* Main.storyboard */ = {
			isa = PBXVariantGroup;
			children = (
				9686427E1E00E90400B2ABF2 /* Base */,
			);
			name = Main.storyboard;
			sourceTree = "<group>";
		};
		968642821E00E90400B2ABF2 /* LaunchScreen.storyboard */ = {
			isa = PBXVariantGroup;
			children = (
				968642831E00E90400B2ABF2 /* Base */,
			);
			name = LaunchScreen.storyboard;
			sourceTree = "<group>";
		};
/* End PBXVariantGroup section */

/* Begin XCBuildConfiguration section */
		968642861E00E90400B2ABF2 /* Debug */ = {
			isa = XCBuildConfiguration;
			buildSettings = {
				ALWAYS_SEARCH_USER_PATHS = NO;
				CLANG_ANALYZER_NONNULL = YES;
				CLANG_CXX_LANGUAGE_STANDARD = "gnu++0x";
				CLANG_CXX_LIBRARY = "libc++";
				CLANG_ENABLE_MODULES = YES;
				CLANG_ENABLE_OBJC_ARC = YES;
				CLANG_WARN_BOOL_CONVERSION = YES;
				CLANG_WARN_CONSTANT_CONVERSION = YES;
				CLANG_WARN_DIRECT_OBJC_ISA_USAGE = YES_ERROR;
				CLANG_WARN_DOCUMENTATION_COMMENTS = YES;
				CLANG_WARN_EMPTY_BODY = YES;
				CLANG_WARN_ENUM_CONVERSION = YES;
				CLANG_WARN_INFINITE_RECURSION = YES;
				CLANG_WARN_INT_CONVERSION = YES;
				CLANG_WARN_OBJC_ROOT_CLASS = YES_ERROR;
				CLANG_WARN_SUSPICIOUS_MOVE = YES;
				CLANG_WARN_UNREACHABLE_CODE = YES;
				CLANG_WARN__DUPLICATE_METHOD_MATCH = YES;
				"CODE_SIGN_IDENTITY[sdk=iphoneos*]" = "iPhone Developer";
				COPY_PHASE_STRIP = NO;
				DEBUG_INFORMATION_FORMAT = dwarf;
				ENABLE_STRICT_OBJC_MSGSEND = YES;
				ENABLE_TESTABILITY = YES;
				GCC_C_LANGUAGE_STANDARD = gnu99;
				GCC_DYNAMIC_NO_PIC = NO;
				GCC_NO_COMMON_BLOCKS = YES;
				GCC_OPTIMIZATION_LEVEL = 0;
				GCC_PREPROCESSOR_DEFINITIONS = (
					"DEBUG=1",
					"$(inherited)",
				);
				GCC_WARN_64_TO_32_BIT_CONVERSION = YES;
				GCC_WARN_ABOUT_RETURN_TYPE = YES_ERROR;
				GCC_WARN_UNDECLARED_SELECTOR = YES;
				GCC_WARN_UNINITIALIZED_AUTOS = YES_AGGRESSIVE;
				GCC_WARN_UNUSED_FUNCTION = YES;
				GCC_WARN_UNUSED_VARIABLE = YES;
				IPHONEOS_DEPLOYMENT_TARGET = 10.2;
				MTL_ENABLE_DEBUG_INFO = YES;
				ONLY_ACTIVE_ARCH = YES;
				SDKROOT = iphoneos;
				SWIFT_ACTIVE_COMPILATION_CONDITIONS = DEBUG;
				SWIFT_OPTIMIZATION_LEVEL = "-Onone";
			};
			name = Debug;
		};
		968642871E00E90400B2ABF2 /* Release */ = {
			isa = XCBuildConfiguration;
			buildSettings = {
				ALWAYS_SEARCH_USER_PATHS = NO;
				CLANG_ANALYZER_NONNULL = YES;
				CLANG_CXX_LANGUAGE_STANDARD = "gnu++0x";
				CLANG_CXX_LIBRARY = "libc++";
				CLANG_ENABLE_MODULES = YES;
				CLANG_ENABLE_OBJC_ARC = YES;
				CLANG_WARN_BOOL_CONVERSION = YES;
				CLANG_WARN_CONSTANT_CONVERSION = YES;
				CLANG_WARN_DIRECT_OBJC_ISA_USAGE = YES_ERROR;
				CLANG_WARN_DOCUMENTATION_COMMENTS = YES;
				CLANG_WARN_EMPTY_BODY = YES;
				CLANG_WARN_ENUM_CONVERSION = YES;
				CLANG_WARN_INFINITE_RECURSION = YES;
				CLANG_WARN_INT_CONVERSION = YES;
				CLANG_WARN_OBJC_ROOT_CLASS = YES_ERROR;
				CLANG_WARN_SUSPICIOUS_MOVE = YES;
				CLANG_WARN_UNREACHABLE_CODE = YES;
				CLANG_WARN__DUPLICATE_METHOD_MATCH = YES;
				"CODE_SIGN_IDENTITY[sdk=iphoneos*]" = "iPhone Developer";
				COPY_PHASE_STRIP = NO;
				DEBUG_INFORMATION_FORMAT = "dwarf-with-dsym";
				ENABLE_NS_ASSERTIONS = NO;
				ENABLE_STRICT_OBJC_MSGSEND = YES;
				GCC_C_LANGUAGE_STANDARD = gnu99;
				GCC_NO_COMMON_BLOCKS = YES;
				GCC_WARN_64_TO_32_BIT_CONVERSION = YES;
				GCC_WARN_ABOUT_RETURN_TYPE = YES_ERROR;
				GCC_WARN_UNDECLARED_SELECTOR = YES;
				GCC_WARN_UNINITIALIZED_AUTOS = YES_AGGRESSIVE;
				GCC_WARN_UNUSED_FUNCTION = YES;
				GCC_WARN_UNUSED_VARIABLE = YES;
				IPHONEOS_DEPLOYMENT_TARGET = 10.2;
				MTL_ENABLE_DEBUG_INFO = NO;
				SDKROOT = iphoneos;
				SWIFT_OPTIMIZATION_LEVEL = "-Owholemodule";
				VALIDATE_PRODUCT = YES;
			};
			name = Release;
		};
		968642891E00E90400B2ABF2 /* Debug */ = {
			isa = XCBuildConfiguration;
			buildSettings = {
				ASSETCATALOG_COMPILER_APPICON_NAME = AppIcon;
				DEVELOPMENT_TEAM = 8387LU2S3Z;
				INFOPLIST_FILE = ImageLabelButton/Info.plist;
				LD_RUNPATH_SEARCH_PATHS = "$(inherited) @executable_path/Frameworks";
				PRODUCT_BUNDLE_IDENTIFIER = com.patrickgao.ImageLabelButton;
				PRODUCT_NAME = "$(TARGET_NAME)";
				SWIFT_VERSION = 3.0;
			};
			name = Debug;
		};
		9686428A1E00E90400B2ABF2 /* Release */ = {
			isa = XCBuildConfiguration;
			buildSettings = {
				ASSETCATALOG_COMPILER_APPICON_NAME = AppIcon;
				DEVELOPMENT_TEAM = 8387LU2S3Z;
				INFOPLIST_FILE = ImageLabelButton/Info.plist;
				LD_RUNPATH_SEARCH_PATHS = "$(inherited) @executable_path/Frameworks";
				PRODUCT_BUNDLE_IDENTIFIER = com.patrickgao.ImageLabelButton;
				PRODUCT_NAME = "$(TARGET_NAME)";
				SWIFT_VERSION = 3.0;
			};
			name = Release;
		};
/* End XCBuildConfiguration section */

/* Begin XCConfigurationList section */
		968642711E00E90400B2ABF2 /* Build configuration list for PBXProject "ImageLabelButton" */ = {
			isa = XCConfigurationList;
			buildConfigurations = (
				968642861E00E90400B2ABF2 /* Debug */,
				968642871E00E90400B2ABF2 /* Release */,
			);
			defaultConfigurationIsVisible = 0;
			defaultConfigurationName = Release;
		};
		968642881E00E90400B2ABF2 /* Build configuration list for PBXNativeTarget "ImageLabelButton" */ = {
			isa = XCConfigurationList;
			buildConfigurations = (
				968642891E00E90400B2ABF2 /* Debug */,
				9686428A1E00E90400B2ABF2 /* Release */,
			);
			defaultConfigurationIsVisible = 0;
		};
/* End XCConfigurationList section */
	};
	rootObject = 9686426E1E00E90400B2ABF2 /* Project object */;
}
